
Microsoft Visual Studio Solution File, Format Version 12.00
# Visual Studio Version 16
VisualStudioVersion = 16.0.29418.71
MinimumVisualStudioVersion = 10.0.40219.1
Project("{FAE04EC0-301F-11D3-BF4B-00C04F79EFBC}") = "HarmonicaTabs", "HarmonicaTabs.csproj", "{2BF33EF0-97EC-4409-9A2C-2875B5AF346B}"
EndProject
Global
	GlobalSection(SolutionConfigurationPlatforms) = preSolution
		Debug|Any CPU = Debug|Any CPU
		Release|Any CPU = Release|Any CPU
	EndGlobalSection
	GlobalSection(ProjectConfigurationPlatforms) = postSolution
		{2BF33EF0-97EC-4409-9A2C-2875B5AF346B}.Debug|Any CPU.ActiveCfg = Debug|Any CPU
		{2BF33EF0-97EC-4409-9A2C-2875B5AF346B}.Debug|Any CPU.Build.0 = Debug|Any CPU
		{2BF33EF0-97EC-4409-9A2C-2875B5AF346B}.Release|Any CPU.ActiveCfg = Release|Any CPU
		{2BF33EF0-97EC-4409-9A2C-2875B5AF346B}.Release|Any CPU.Build.0 = Release|Any CPU
	EndGlobalSection
	GlobalSection(SolutionProperties) = preSolution
		HideSolutionNode = FALSE
	EndGlobalSection
	GlobalSection(ExtensibilityGlobals) = postSolution
		SolutionGuid = {60751DF7-495C-4068-BEF3-45C871797DBE}
	EndGlobalSection
EndGlobal
